dependencies:
- name: logstash
  repository: https://helm.elastic.co
  version: 8.5.1
- name: opensearch-dashboards
  repository: https://opensearch-project.github.io/helm-charts
  version: 2.29.0
- name: opensearch
  repository: https://opensearch-project.github.io/helm-charts/
  version: 2.33.0
- name: rabbitmq
  repository: https://charts.bitnami.com/bitnami
  version: 16.0.1
digest: sha256:5ee374b02f1230f4ee1d40404dc0afde5c8208dd4df40d1c69aff3fd5e45cf93
generated: "2025-05-05T13:05:21.0656016+10:00"
