dependencies:
- name: logstash
  repository: https://helm.elastic.co
  version: 8.5.1
- name: opensearch-dashboards
  repository: https://opensearch-project.github.io/helm-charts
  version: 3.0.0
- name: opensearch
  repository: https://opensearch-project.github.io/helm-charts/
  version: 3.0.0
- name: rabbitmq
  repository: https://charts.bitnami.com/bitnami
  version: 16.0.3
- name: kafka
  repository: https://charts.bitnami.com/bitnami
  version: 32.2.8
- name: kafka-ui
  repository: https://provectus.github.io/kafka-ui-charts
  version: 0.7.6
- name: ingress-nginx
  repository: https://kubernetes.github.io/ingress-nginx
  version: 4.12.2
digest: sha256:dc036ce863a352cb73cde3a79613dfa91e29f90e03803b08d156718cc5c0d952
generated: "2025-05-24T09:55:20.893407476+10:00"
